<?xml version="1.0" encoding="utf-8"?>
<Project ToolsVersion="4.0" xmlns="http://schemas.microsoft.com/developer/msbuild/2003">
  <ItemGroup>
    <Filter Include="MyFirstEngine">
      <UniqueIdentifier>{29A89C1A-9568-1851-5EA3-61CECA225D2D}</UniqueIdentifier>
    </Filter>
    <Filter Include="MyFirstEngine\Events">
      <UniqueIdentifier>{ED6BD068-D9FA-5932-8219-6E2D6E876AD8}</UniqueIdentifier>
    </Filter>
    <Filter Include="MyFirstEngine\ImGui">
      <UniqueIdentifier>{13D8969E-7F39-74AC-08A7-BA5E7407AB6B}</UniqueIdentifier>
    </Filter>
    <Filter Include="MyFirstEngine\Renderer">
      <UniqueIdentifier>{EF2996D5-DB23-BF27-C490-5538B0292594}</UniqueIdentifier>
    </Filter>
    <Filter Include="MyFirstEngine\Renderer\systems">
      <UniqueIdentifier>{1697FED0-02BD-C837-EB02-4E03D7C7ED03}</UniqueIdentifier>
    </Filter>
    <Filter Include="Platform">
      <UniqueIdentifier>{2AC788B4-1694-E3BF-3FAD-D1672BD9184E}</UniqueIdentifier>
    </Filter>
  </ItemGroup>
  <ItemGroup>
    <ClInclude Include="Source\Mfepch.h" />
    <ClInclude Include="Source\MyFirstEngine.h" />
    <ClInclude Include="Source\MyFirstEngine\Application.h">
      <Filter>MyFirstEngine</Filter>
    </ClInclude>
    <ClInclude Include="Source\MyFirstEngine\Core.h">
      <Filter>MyFirstEngine</Filter>
    </ClInclude>
    <ClInclude Include="Source\MyFirstEngine\EntryPoint.h">
      <Filter>MyFirstEngine</Filter>
    </ClInclude>
    <ClInclude Include="Source\MyFirstEngine\Events\ApplicationEvent.h">
      <Filter>MyFirstEngine\Events</Filter>
    </ClInclude>
    <ClInclude Include="Source\MyFirstEngine\Events\Event.h">
      <Filter>MyFirstEngine\Events</Filter>
    </ClInclude>
    <ClInclude Include="Source\MyFirstEngine\Events\KeyEvent.h">
      <Filter>MyFirstEngine\Events</Filter>
    </ClInclude>
    <ClInclude Include="Source\MyFirstEngine\Events\MouseEvent.h">
      <Filter>MyFirstEngine\Events</Filter>
    </ClInclude>
    <ClInclude Include="Source\MyFirstEngine\ImGui\ImGuiLayer.h">
      <Filter>MyFirstEngine\ImGui</Filter>
    </ClInclude>
    <ClInclude Include="Source\MyFirstEngine\Layer.h">
      <Filter>MyFirstEngine</Filter>
    </ClInclude>
    <ClInclude Include="Source\MyFirstEngine\LayerStack.h">
      <Filter>MyFirstEngine</Filter>
    </ClInclude>
    <ClInclude Include="Source\MyFirstEngine\Log.h">
      <Filter>MyFirstEngine</Filter>
    </ClInclude>
    <ClInclude Include="Source\MyFirstEngine\Renderer\Buffer.h">
      <Filter>MyFirstEngine\Renderer</Filter>
    </ClInclude>
    <ClInclude Include="Source\MyFirstEngine\Renderer\Camera.h">
      <Filter>MyFirstEngine\Renderer</Filter>
    </ClInclude>
    <ClInclude Include="Source\MyFirstEngine\Renderer\Descriptors.h">
      <Filter>MyFirstEngine\Renderer</Filter>
    </ClInclude>
    <ClInclude Include="Source\MyFirstEngine\Renderer\Device.h">
      <Filter>MyFirstEngine\Renderer</Filter>
    </ClInclude>
    <ClInclude Include="Source\MyFirstEngine\Renderer\FrameInfo.h">
      <Filter>MyFirstEngine\Renderer</Filter>
    </ClInclude>
    <ClInclude Include="Source\MyFirstEngine\Renderer\GameObject.h">
      <Filter>MyFirstEngine\Renderer</Filter>
    </ClInclude>
    <ClInclude Include="Source\MyFirstEngine\Renderer\Model.h">
      <Filter>MyFirstEngine\Renderer</Filter>
    </ClInclude>
    <ClInclude Include="Source\MyFirstEngine\Renderer\Pipeline.h">
      <Filter>MyFirstEngine\Renderer</Filter>
    </ClInclude>
    <ClInclude Include="Source\MyFirstEngine\Renderer\Renderer.h">
      <Filter>MyFirstEngine\Renderer</Filter>
    </ClInclude>
    <ClInclude Include="Source\MyFirstEngine\Renderer\SwapChain.h">
      <Filter>MyFirstEngine\Renderer</Filter>
    </ClInclude>
    <ClInclude Include="Source\MyFirstEngine\Renderer\Texture.h">
      <Filter>MyFirstEngine\Renderer</Filter>
    </ClInclude>
    <ClInclude Include="Source\MyFirstEngine\Renderer\Utils.h">
      <Filter>MyFirstEngine\Renderer</Filter>
    </ClInclude>
    <ClInclude Include="Source\MyFirstEngine\Renderer\systems\BillboardSystem.h">
      <Filter>MyFirstEngine\Renderer\systems</Filter>
    </ClInclude>
    <ClInclude Include="Source\MyFirstEngine\Renderer\systems\DefaultRenderSystem.h">
      <Filter>MyFirstEngine\Renderer\systems</Filter>
    </ClInclude>
    <ClInclude Include="Source\MyFirstEngine\Renderer\systems\RenderSystem.h">
      <Filter>MyFirstEngine\Renderer\systems</Filter>
    </ClInclude>
    <ClInclude Include="Source\MyFirstEngine\Window.h">
      <Filter>MyFirstEngine</Filter>
    </ClInclude>
    <ClInclude Include="Source\Platform\VulkanWindow.h">
      <Filter>Platform</Filter>
    </ClInclude>
  </ItemGroup>
  <ItemGroup>
    <ClCompile Include="Source\Mfepch.cpp" />
    <ClCompile Include="Source\MyFirstEngine\Application.cpp">
      <Filter>MyFirstEngine</Filter>
    </ClCompile>
    <ClCompile Include="Source\MyFirstEngine\ImGui\ImGuiLayer.cpp">
      <Filter>MyFirstEngine\ImGui</Filter>
    </ClCompile>
    <ClCompile Include="Source\MyFirstEngine\Layer.cpp">
      <Filter>MyFirstEngine</Filter>
    </ClCompile>
    <ClCompile Include="Source\MyFirstEngine\LayerStack.cpp">
      <Filter>MyFirstEngine</Filter>
    </ClCompile>
    <ClCompile Include="Source\MyFirstEngine\Log.cpp">
      <Filter>MyFirstEngine</Filter>
    </ClCompile>
    <ClCompile Include="Source\MyFirstEngine\Renderer\Buffer.cpp">
      <Filter>MyFirstEngine\Renderer</Filter>
    </ClCompile>
    <ClCompile Include="Source\MyFirstEngine\Renderer\Camera.cpp">
      <Filter>MyFirstEngine\Renderer</Filter>
    </ClCompile>
    <ClCompile Include="Source\MyFirstEngine\Renderer\Descriptors.cpp">
      <Filter>MyFirstEngine\Renderer</Filter>
    </ClCompile>
    <ClCompile Include="Source\MyFirstEngine\Renderer\Device.cpp">
      <Filter>MyFirstEngine\Renderer</Filter>
    </ClCompile>
    <ClCompile Include="Source\MyFirstEngine\Renderer\GameObject.cpp">
      <Filter>MyFirstEngine\Renderer</Filter>
    </ClCompile>
    <ClCompile Include="Source\MyFirstEngine\Renderer\Model.cpp">
      <Filter>MyFirstEngine\Renderer</Filter>
    </ClCompile>
    <ClCompile Include="Source\MyFirstEngine\Renderer\Pipeline.cpp">
      <Filter>MyFirstEngine\Renderer</Filter>
    </ClCompile>
    <ClCompile Include="Source\MyFirstEngine\Renderer\Renderer.cpp">
      <Filter>MyFirstEngine\Renderer</Filter>
    </ClCompile>
    <ClCompile Include="Source\MyFirstEngine\Renderer\SwapChain.cpp">
      <Filter>MyFirstEngine\Renderer</Filter>
    </ClCompile>
    <ClCompile Include="Source\MyFirstEngine\Renderer\Texture.cpp">
      <Filter>MyFirstEngine\Renderer</Filter>
    </ClCompile>
    <ClCompile Include="Source\MyFirstEngine\Renderer\systems\BillboardSystem.cpp">
      <Filter>MyFirstEngine\Renderer\systems</Filter>
    </ClCompile>
    <ClCompile Include="Source\MyFirstEngine\Renderer\systems\DefaultRenderSystem.cpp">
      <Filter>MyFirstEngine\Renderer\systems</Filter>
    </ClCompile>
    <ClCompile Include="Source\MyFirstEngine\Renderer\systems\RenderSystem.cpp">
      <Filter>MyFirstEngine\Renderer\systems</Filter>
    </ClCompile>
    <ClCompile Include="Source\Platform\VulkanWindow.cpp">
      <Filter>Platform</Filter>
    </ClCompile>
  </ItemGroup>
</Project>